Microsoft Visual Studio Solution File, Format Version 12.00
# Visual Studio Version 17
VisualStudioVersion = 17.5.2.0
MinimumVisualStudioVersion = 10.0.40219.1
Project("{FAE04EC0-301F-11D3-BF4B-00C04F79EFBC}") = "survival-island-2", "survival-island-2.csproj", "{BC30D290-C80B-B49D-AA1A-B65A0B355986}"
EndProject
Global
	GlobalSection(SolutionConfigurationPlatforms) = preSolution
		Debug|Any CPU = Debug|Any CPU
		Release|Any CPU = Release|Any CPU
	EndGlobalSection
	GlobalSection(ProjectConfigurationPlatforms) = postSolution
		{BC30D290-C80B-B49D-AA1A-B65A0B355986}.Debug|Any CPU.ActiveCfg = Debug|Any CPU
		{BC30D290-C80B-B49D-AA1A-B65A0B355986}.Debug|Any CPU.Build.0 = Debug|Any CPU
		{BC30D290-C80B-B49D-AA1A-B65A0B355986}.Release|Any CPU.ActiveCfg = Release|Any CPU
		{BC30D290-C80B-B49D-AA1A-B65A0B355986}.Release|Any CPU.Build.0 = Release|Any CPU
	EndGlobalSection
	GlobalSection(SolutionProperties) = preSolution
		HideSolutionNode = FALSE
	EndGlobalSection
	GlobalSection(ExtensibilityGlobals) = postSolution
		SolutionGuid = {6D5E6F53-0587-4202-BDD8-D725539FCE58}
	EndGlobalSection
EndGlobal
